
Microsoft Visual Studio Solution File, Format Version 12.00
# Visual Studio 14
VisualStudioVersion = 14.0.25123.0
MinimumVisualStudioVersion = 10.0.40219.1
Project("{FAE04EC0-301F-11D3-BF4B-00C04F79EFBC}") = "Scheduler", "Scheduler\Scheduler.csproj", "{8510AF54-F688-4C39-824B-A74C41B3BA36}"
EndProject
Project("{FAE04EC0-301F-11D3-BF4B-00C04F79EFBC}") = "Scheduler.Tests", "Scheduler.Tests\Scheduler.Tests.csproj", "{D5DA731A-C85B-404E-8E5E-FD59AD048AE3}"
EndProject
Global
	GlobalSection(SolutionConfigurationPlatforms) = preSolution
		Debug|Any CPU = Debug|Any CPU
		Release|Any CPU = Release|Any CPU
	EndGlobalSection
	GlobalSection(ProjectConfigurationPlatforms) = postSolution
		{8510AF54-F688-4C39-824B-A74C41B3BA36}.Debug|Any CPU.ActiveCfg = Debug|Any CPU
		{8510AF54-F688-4C39-824B-A74C41B3BA36}.Debug|Any CPU.Build.0 = Debug|Any CPU
		{8510AF54-F688-4C39-824B-A74C41B3BA36}.Release|Any CPU.ActiveCfg = Release|Any CPU
		{8510AF54-F688-4C39-824B-A74C41B3BA36}.Release|Any CPU.Build.0 = Release|Any CPU
		{D5DA731A-C85B-404E-8E5E-FD59AD048AE3}.Debug|Any CPU.ActiveCfg = Debug|Any CPU
		{D5DA731A-C85B-404E-8E5E-FD59AD048AE3}.Debug|Any CPU.Build.0 = Debug|Any CPU
		{D5DA731A-C85B-404E-8E5E-FD59AD048AE3}.Release|Any CPU.ActiveCfg = Release|Any CPU
		{D5DA731A-C85B-404E-8E5E-FD59AD048AE3}.Release|Any CPU.Build.0 = Release|Any CPU
	EndGlobalSection
	GlobalSection(SolutionProperties) = preSolution
		HideSolutionNode = FALSE
	EndGlobalSection
EndGlobal
